
Microsoft Visual Studio Solution File, Format Version 12.00
# Visual Studio 15
VisualStudioVersion = 15.0.26730.16
MinimumVisualStudioVersion = 10.0.40219.1
Project("{2150E333-8FDC-42A3-9474-1A3956D46DE8}") = "WordProcessing", "WordProcessing", "{6F47D61C-D3A4-4DC1-B19A-F97AD18E6E10}"
EndProject
Project("{2150E333-8FDC-42A3-9474-1A3956D46DE8}") = "Presentation", "Presentation", "{D30AEB63-809F-4791-8DEF-78FB718A0716}"
EndProject
Project("{2150E333-8FDC-42A3-9474-1A3956D46DE8}") = "Shell", "Shell", "{B01712A7-034B-48C4-9997-8E3613908080}"
EndProject
Project("{2150E333-8FDC-42A3-9474-1A3956D46DE8}") = "Spreadsheet", "Spreadsheet", "{C7DD1BC2-02FA-40EB-810F-43B97D0B29C3}"
EndProject
Project("{2150E333-8FDC-42A3-9474-1A3956D46DE8}") = "Setup", "Setup", "{DCCF2943-D371-4591-AD3B-BA11EA767B1A}"
EndProject
Project("{2150E333-8FDC-42A3-9474-1A3956D46DE8}") = "Architecture", "Architecture", "{D69EBA3F-37B1-4D8F-A8CF-CD7D35BF5AE3}"
EndProject
Project("{9A19103F-16F7-4668-BE54-9A1E7A4F7556}") = "DocFileFormat", "WordProcessing\DocFileFormat\DocFileFormat.csproj", "{70A244FD-C90E-4474-9E70-82BCF5147FF9}"
EndProject
Project("{9A19103F-16F7-4668-BE54-9A1E7A4F7556}") = "WordprocessingMLMapping", "WordProcessing\WordprocessingMLMapping\WordprocessingMLMapping.csproj", "{A4EFE5FA-BDEB-452B-8751-1A495E5C9759}"
EndProject
Project("{9A19103F-16F7-4668-BE54-9A1E7A4F7556}") = "doc2x", "Shell\doc2x\doc2x.csproj", "{2427A407-3161-401A-A7C4-545A7AC90E36}"
EndProject
Project("{9A19103F-16F7-4668-BE54-9A1E7A4F7556}") = "XlsFileFormat", "Spreadsheet\XlsFileFormat\XlsFileFormat.csproj", "{92295756-46BB-4D1F-B0FD-CA7DF03F6C65}"
EndProject
Project("{9A19103F-16F7-4668-BE54-9A1E7A4F7556}") = "PptFileFormat", "Presentation\PptFileFormat\PptFileFormat.csproj", "{6EAD0A6A-8DF0-4CA3-8D5E-3C871E7FCB62}"
EndProject
Project("{9A19103F-16F7-4668-BE54-9A1E7A4F7556}") = "ppt2x", "Shell\ppt2x\ppt2x.csproj", "{90C862C6-C6CB-4C72-8E58-FA3F8625E93B}"
EndProject
Project("{9A19103F-16F7-4668-BE54-9A1E7A4F7556}") = "PresentationMLMapping", "Presentation\PresentationMLMapping\PresentationMLMapping.csproj", "{1D168A80-B748-4321-AED6-E03D557B5864}"
EndProject
Project("{9A19103F-16F7-4668-BE54-9A1E7A4F7556}") = "xls2x", "Shell\xls2x\xls2x.csproj", "{B9CF0222-E113-4D87-95EB-FF1097A53E7C}"
EndProject
Project("{9A19103F-16F7-4668-BE54-9A1E7A4F7556}") = "SpreadsheetMLMapping", "Spreadsheet\SpreadsheetMLMapping\SpreadsheetMLMapping.csproj", "{7085D1EB-E797-4841-A564-68EF63688A24}"
EndProject
Project("{2150E333-8FDC-42A3-9474-1A3956D46DE8}") = "Solution Items", "Solution Items", "{FC08F5E1-1AD6-43BA-A9E2-6245DA2DA769}"
	ProjectSection(SolutionItems) = preProject
		LICENSE = LICENSE
		README.md = README.md
	EndProjectSection
EndProject
Project("{9A19103F-16F7-4668-BE54-9A1E7A4F7556}") = "b2xtranslator", "Common\b2xtranslator.csproj", "{CE556400-D7A2-4B86-9FF7-A6B44A01113A}"
EndProject
Project("{9A19103F-16F7-4668-BE54-9A1E7A4F7556}") = "UnitTests", "UnitTests\UnitTests.csproj", "{1F9B314E-A56A-4DCA-8701-414BC981232E}"
EndProject
Global
	GlobalSection(SolutionConfigurationPlatforms) = preSolution
		Debug|Any CPU = Debug|Any CPU
		Release|Any CPU = Release|Any CPU
	EndGlobalSection
	GlobalSection(ProjectConfigurationPlatforms) = postSolution
		{70A244FD-C90E-4474-9E70-82BCF5147FF9}.Debug|Any CPU.ActiveCfg = Debug|Any CPU
		{70A244FD-C90E-4474-9E70-82BCF5147FF9}.Debug|Any CPU.Build.0 = Debug|Any CPU
		{70A244FD-C90E-4474-9E70-82BCF5147FF9}.Release|Any CPU.ActiveCfg = Release|Any CPU
		{70A244FD-C90E-4474-9E70-82BCF5147FF9}.Release|Any CPU.Build.0 = Release|Any CPU
		{A4EFE5FA-BDEB-452B-8751-1A495E5C9759}.Debug|Any CPU.ActiveCfg = Debug|Any CPU
		{A4EFE5FA-BDEB-452B-8751-1A495E5C9759}.Debug|Any CPU.Build.0 = Debug|Any CPU
		{A4EFE5FA-BDEB-452B-8751-1A495E5C9759}.Release|Any CPU.ActiveCfg = Release|Any CPU
		{A4EFE5FA-BDEB-452B-8751-1A495E5C9759}.Release|Any CPU.Build.0 = Release|Any CPU
		{2427A407-3161-401A-A7C4-545A7AC90E36}.Debug|Any CPU.ActiveCfg = Debug|Any CPU
		{2427A407-3161-401A-A7C4-545A7AC90E36}.Debug|Any CPU.Build.0 = Debug|Any CPU
		{2427A407-3161-401A-A7C4-545A7AC90E36}.Release|Any CPU.ActiveCfg = Release|Any CPU
		{2427A407-3161-401A-A7C4-545A7AC90E36}.Release|Any CPU.Build.0 = Release|Any CPU
		{92295756-46BB-4D1F-B0FD-CA7DF03F6C65}.Debug|Any CPU.ActiveCfg = Debug|Any CPU
		{92295756-46BB-4D1F-B0FD-CA7DF03F6C65}.Debug|Any CPU.Build.0 = Debug|Any CPU
		{92295756-46BB-4D1F-B0FD-CA7DF03F6C65}.Release|Any CPU.ActiveCfg = Release|Any CPU
		{92295756-46BB-4D1F-B0FD-CA7DF03F6C65}.Release|Any CPU.Build.0 = Release|Any CPU
		{6EAD0A6A-8DF0-4CA3-8D5E-3C871E7FCB62}.Debug|Any CPU.ActiveCfg = Debug|Any CPU
		{6EAD0A6A-8DF0-4CA3-8D5E-3C871E7FCB62}.Debug|Any CPU.Build.0 = Debug|Any CPU
		{6EAD0A6A-8DF0-4CA3-8D5E-3C871E7FCB62}.Release|Any CPU.ActiveCfg = Release|Any CPU
		{6EAD0A6A-8DF0-4CA3-8D5E-3C871E7FCB62}.Release|Any CPU.Build.0 = Release|Any CPU
		{90C862C6-C6CB-4C72-8E58-FA3F8625E93B}.Debug|Any CPU.ActiveCfg = Debug|Any CPU
		{90C862C6-C6CB-4C72-8E58-FA3F8625E93B}.Debug|Any CPU.Build.0 = Debug|Any CPU
		{90C862C6-C6CB-4C72-8E58-FA3F8625E93B}.Release|Any CPU.ActiveCfg = Release|Any CPU
		{90C862C6-C6CB-4C72-8E58-FA3F8625E93B}.Release|Any CPU.Build.0 = Release|Any CPU
		{1D168A80-B748-4321-AED6-E03D557B5864}.Debug|Any CPU.ActiveCfg = Debug|Any CPU
		{1D168A80-B748-4321-AED6-E03D557B5864}.Debug|Any CPU.Build.0 = Debug|Any CPU
		{1D168A80-B748-4321-AED6-E03D557B5864}.Release|Any CPU.ActiveCfg = Release|Any CPU
		{1D168A80-B748-4321-AED6-E03D557B5864}.Release|Any CPU.Build.0 = Release|Any CPU
		{B9CF0222-E113-4D87-95EB-FF1097A53E7C}.Debug|Any CPU.ActiveCfg = Debug|Any CPU
		{B9CF0222-E113-4D87-95EB-FF1097A53E7C}.Debug|Any CPU.Build.0 = Debug|Any CPU
		{B9CF0222-E113-4D87-95EB-FF1097A53E7C}.Release|Any CPU.ActiveCfg = Release|Any CPU
		{B9CF0222-E113-4D87-95EB-FF1097A53E7C}.Release|Any CPU.Build.0 = Release|Any CPU
		{7085D1EB-E797-4841-A564-68EF63688A24}.Debug|Any CPU.ActiveCfg = Debug|Any CPU
		{7085D1EB-E797-4841-A564-68EF63688A24}.Debug|Any CPU.Build.0 = Debug|Any CPU
		{7085D1EB-E797-4841-A564-68EF63688A24}.Release|Any CPU.ActiveCfg = Release|Any CPU
		{7085D1EB-E797-4841-A564-68EF63688A24}.Release|Any CPU.Build.0 = Release|Any CPU
		{CE556400-D7A2-4B86-9FF7-A6B44A01113A}.Debug|Any CPU.ActiveCfg = Debug|Any CPU
		{CE556400-D7A2-4B86-9FF7-A6B44A01113A}.Debug|Any CPU.Build.0 = Debug|Any CPU
		{CE556400-D7A2-4B86-9FF7-A6B44A01113A}.Release|Any CPU.ActiveCfg = Release|Any CPU
		{CE556400-D7A2-4B86-9FF7-A6B44A01113A}.Release|Any CPU.Build.0 = Release|Any CPU
		{1F9B314E-A56A-4DCA-8701-414BC981232E}.Debug|Any CPU.ActiveCfg = Debug|Any CPU
		{1F9B314E-A56A-4DCA-8701-414BC981232E}.Debug|Any CPU.Build.0 = Debug|Any CPU
		{1F9B314E-A56A-4DCA-8701-414BC981232E}.Release|Any CPU.ActiveCfg = Release|Any CPU
		{1F9B314E-A56A-4DCA-8701-414BC981232E}.Release|Any CPU.Build.0 = Release|Any CPU
	EndGlobalSection
	GlobalSection(SolutionProperties) = preSolution
		HideSolutionNode = FALSE
	EndGlobalSection
	GlobalSection(NestedProjects) = preSolution
		{70A244FD-C90E-4474-9E70-82BCF5147FF9} = {6F47D61C-D3A4-4DC1-B19A-F97AD18E6E10}
		{A4EFE5FA-BDEB-452B-8751-1A495E5C9759} = {6F47D61C-D3A4-4DC1-B19A-F97AD18E6E10}
		{2427A407-3161-401A-A7C4-545A7AC90E36} = {B01712A7-034B-48C4-9997-8E3613908080}
		{92295756-46BB-4D1F-B0FD-CA7DF03F6C65} = {C7DD1BC2-02FA-40EB-810F-43B97D0B29C3}
		{6EAD0A6A-8DF0-4CA3-8D5E-3C871E7FCB62} = {D30AEB63-809F-4791-8DEF-78FB718A0716}
		{90C862C6-C6CB-4C72-8E58-FA3F8625E93B} = {B01712A7-034B-48C4-9997-8E3613908080}
		{1D168A80-B748-4321-AED6-E03D557B5864} = {D30AEB63-809F-4791-8DEF-78FB718A0716}
		{B9CF0222-E113-4D87-95EB-FF1097A53E7C} = {B01712A7-034B-48C4-9997-8E3613908080}
		{7085D1EB-E797-4841-A564-68EF63688A24} = {C7DD1BC2-02FA-40EB-810F-43B97D0B29C3}
	EndGlobalSection
	GlobalSection(ExtensibilityGlobals) = postSolution
		SolutionGuid = {F4F539FF-7E88-4644-9CF1-AC6F81C9D7FA}
	EndGlobalSection
EndGlobal
