
Microsoft Visual Studio Solution File, Format Version 12.00
# Visual Studio 15
VisualStudioVersion = 15.0.26730.16
MinimumVisualStudioVersion = 10.0.40219.1
Project("{2150E333-8FDC-42A3-9474-1A3956D46DE8}") = "Shell", "Shell", "{B01712A7-034B-48C4-9997-8E3613908080}"
EndProject
Project("{2150E333-8FDC-42A3-9474-1A3956D46DE8}") = "Setup", "Setup", "{DCCF2943-D371-4591-AD3B-BA11EA767B1A}"
EndProject
Project("{2150E333-8FDC-42A3-9474-1A3956D46DE8}") = "Architecture", "Architecture", "{D69EBA3F-37B1-4D8F-A8CF-CD7D35BF5AE3}"
EndProject
Project("{9A19103F-16F7-4668-BE54-9A1E7A4F7556}") = "doc2x", "Shell\doc2x\doc2x.csproj", "{2427A407-3161-401A-A7C4-545A7AC90E36}"
EndProject
Project("{9A19103F-16F7-4668-BE54-9A1E7A4F7556}") = "ppt2x", "Shell\ppt2x\ppt2x.csproj", "{90C862C6-C6CB-4C72-8E58-FA3F8625E93B}"
EndProject
Project("{9A19103F-16F7-4668-BE54-9A1E7A4F7556}") = "xls2x", "Shell\xls2x\xls2x.csproj", "{B9CF0222-E113-4D87-95EB-FF1097A53E7C}"
EndProject
Project("{2150E333-8FDC-42A3-9474-1A3956D46DE8}") = "Solution Items", "Solution Items", "{FC08F5E1-1AD6-43BA-A9E2-6245DA2DA769}"
	ProjectSection(SolutionItems) = preProject
		LICENSE = LICENSE
		README.md = README.md
	EndProjectSection
EndProject
Project("{9A19103F-16F7-4668-BE54-9A1E7A4F7556}") = "b2xtranslator", "Common\b2xtranslator.csproj", "{CE556400-D7A2-4B86-9FF7-A6B44A01113A}"
EndProject
Project("{9A19103F-16F7-4668-BE54-9A1E7A4F7556}") = "UnitTests", "UnitTests\UnitTests.csproj", "{1F9B314E-A56A-4DCA-8701-414BC981232E}"
EndProject
Project("{9A19103F-16F7-4668-BE54-9A1E7A4F7556}") = "b2xtranslator.doc", "Doc\b2xtranslator.doc.csproj", "{0302C110-E5A3-4ECB-B186-6D08825CB796}"
EndProject
Project("{9A19103F-16F7-4668-BE54-9A1E7A4F7556}") = "b2xtranslator.ppt", "Ppt\b2xtranslator.ppt.csproj", "{84AD595E-CAD1-4990-AC56-C466A4B6D2E0}"
EndProject
Project("{9A19103F-16F7-4668-BE54-9A1E7A4F7556}") = "b2xtranslator.xls", "Xls\b2xtranslator.xls.csproj", "{1F35F775-4F50-4724-A429-DAA35021CFCD}"
EndProject
Global
	GlobalSection(SolutionConfigurationPlatforms) = preSolution
		Debug|Any CPU = Debug|Any CPU
		Release|Any CPU = Release|Any CPU
	EndGlobalSection
	GlobalSection(ProjectConfigurationPlatforms) = postSolution
		{2427A407-3161-401A-A7C4-545A7AC90E36}.Debug|Any CPU.ActiveCfg = Debug|Any CPU
		{2427A407-3161-401A-A7C4-545A7AC90E36}.Debug|Any CPU.Build.0 = Debug|Any CPU
		{2427A407-3161-401A-A7C4-545A7AC90E36}.Release|Any CPU.ActiveCfg = Release|Any CPU
		{2427A407-3161-401A-A7C4-545A7AC90E36}.Release|Any CPU.Build.0 = Release|Any CPU
		{90C862C6-C6CB-4C72-8E58-FA3F8625E93B}.Debug|Any CPU.ActiveCfg = Debug|Any CPU
		{90C862C6-C6CB-4C72-8E58-FA3F8625E93B}.Debug|Any CPU.Build.0 = Debug|Any CPU
		{90C862C6-C6CB-4C72-8E58-FA3F8625E93B}.Release|Any CPU.ActiveCfg = Release|Any CPU
		{90C862C6-C6CB-4C72-8E58-FA3F8625E93B}.Release|Any CPU.Build.0 = Release|Any CPU
		{B9CF0222-E113-4D87-95EB-FF1097A53E7C}.Debug|Any CPU.ActiveCfg = Debug|Any CPU
		{B9CF0222-E113-4D87-95EB-FF1097A53E7C}.Debug|Any CPU.Build.0 = Debug|Any CPU
		{B9CF0222-E113-4D87-95EB-FF1097A53E7C}.Release|Any CPU.ActiveCfg = Release|Any CPU
		{B9CF0222-E113-4D87-95EB-FF1097A53E7C}.Release|Any CPU.Build.0 = Release|Any CPU
		{CE556400-D7A2-4B86-9FF7-A6B44A01113A}.Debug|Any CPU.ActiveCfg = Debug|Any CPU
		{CE556400-D7A2-4B86-9FF7-A6B44A01113A}.Debug|Any CPU.Build.0 = Debug|Any CPU
		{CE556400-D7A2-4B86-9FF7-A6B44A01113A}.Release|Any CPU.ActiveCfg = Release|Any CPU
		{CE556400-D7A2-4B86-9FF7-A6B44A01113A}.Release|Any CPU.Build.0 = Release|Any CPU
		{1F9B314E-A56A-4DCA-8701-414BC981232E}.Debug|Any CPU.ActiveCfg = Debug|Any CPU
		{1F9B314E-A56A-4DCA-8701-414BC981232E}.Debug|Any CPU.Build.0 = Debug|Any CPU
		{1F9B314E-A56A-4DCA-8701-414BC981232E}.Release|Any CPU.ActiveCfg = Release|Any CPU
		{1F9B314E-A56A-4DCA-8701-414BC981232E}.Release|Any CPU.Build.0 = Release|Any CPU
		{0302C110-E5A3-4ECB-B186-6D08825CB796}.Debug|Any CPU.ActiveCfg = Debug|Any CPU
		{0302C110-E5A3-4ECB-B186-6D08825CB796}.Debug|Any CPU.Build.0 = Debug|Any CPU
		{0302C110-E5A3-4ECB-B186-6D08825CB796}.Release|Any CPU.ActiveCfg = Release|Any CPU
		{0302C110-E5A3-4ECB-B186-6D08825CB796}.Release|Any CPU.Build.0 = Release|Any CPU
		{84AD595E-CAD1-4990-AC56-C466A4B6D2E0}.Debug|Any CPU.ActiveCfg = Debug|Any CPU
		{84AD595E-CAD1-4990-AC56-C466A4B6D2E0}.Debug|Any CPU.Build.0 = Debug|Any CPU
		{84AD595E-CAD1-4990-AC56-C466A4B6D2E0}.Release|Any CPU.ActiveCfg = Release|Any CPU
		{84AD595E-CAD1-4990-AC56-C466A4B6D2E0}.Release|Any CPU.Build.0 = Release|Any CPU
		{1F35F775-4F50-4724-A429-DAA35021CFCD}.Debug|Any CPU.ActiveCfg = Debug|Any CPU
		{1F35F775-4F50-4724-A429-DAA35021CFCD}.Debug|Any CPU.Build.0 = Debug|Any CPU
		{1F35F775-4F50-4724-A429-DAA35021CFCD}.Release|Any CPU.ActiveCfg = Release|Any CPU
		{1F35F775-4F50-4724-A429-DAA35021CFCD}.Release|Any CPU.Build.0 = Release|Any CPU
	EndGlobalSection
	GlobalSection(SolutionProperties) = preSolution
		HideSolutionNode = FALSE
	EndGlobalSection
	GlobalSection(NestedProjects) = preSolution
		{2427A407-3161-401A-A7C4-545A7AC90E36} = {B01712A7-034B-48C4-9997-8E3613908080}
		{90C862C6-C6CB-4C72-8E58-FA3F8625E93B} = {B01712A7-034B-48C4-9997-8E3613908080}
		{B9CF0222-E113-4D87-95EB-FF1097A53E7C} = {B01712A7-034B-48C4-9997-8E3613908080}
	EndGlobalSection
	GlobalSection(ExtensibilityGlobals) = postSolution
		SolutionGuid = {F4F539FF-7E88-4644-9CF1-AC6F81C9D7FA}
	EndGlobalSection
EndGlobal
