
Microsoft Visual Studio Solution File, Format Version 12.00
# Visual Studio 15
VisualStudioVersion = 15.0.26730.16
MinimumVisualStudioVersion = 10.0.40219.1
Project("{2150E333-8FDC-42A3-9474-1A3956D46DE8}") = "WordProcessing", "WordProcessing", "{6F47D61C-D3A4-4DC1-B19A-F97AD18E6E10}"
EndProject
Project("{2150E333-8FDC-42A3-9474-1A3956D46DE8}") = "Common", "Common", "{D8DB984C-ED04-4525-9923-798363B513FC}"
EndProject
Project("{2150E333-8FDC-42A3-9474-1A3956D46DE8}") = "Presentation", "Presentation", "{D30AEB63-809F-4791-8DEF-78FB718A0716}"
EndProject
Project("{2150E333-8FDC-42A3-9474-1A3956D46DE8}") = "Shell", "Shell", "{B01712A7-034B-48C4-9997-8E3613908080}"
EndProject
Project("{2150E333-8FDC-42A3-9474-1A3956D46DE8}") = "Spreadsheet", "Spreadsheet", "{C7DD1BC2-02FA-40EB-810F-43B97D0B29C3}"
EndProject
Project("{2150E333-8FDC-42A3-9474-1A3956D46DE8}") = "Test", "Test", "{23B4E6F7-CF43-4B43-ABCE-26C39E173ABD}"
EndProject
Project("{2150E333-8FDC-42A3-9474-1A3956D46DE8}") = "Setup", "Setup", "{DCCF2943-D371-4591-AD3B-BA11EA767B1A}"
EndProject
Project("{2150E333-8FDC-42A3-9474-1A3956D46DE8}") = "Architecture", "Architecture", "{D69EBA3F-37B1-4D8F-A8CF-CD7D35BF5AE3}"
EndProject
Project("{9A19103F-16F7-4668-BE54-9A1E7A4F7556}") = "CompoundFileExtractTest", "Test\CompoundFileExtractTest\CompoundFileExtractTest.csproj", "{01308A7D-882B-4822-A78B-EBAD044044FC}"
EndProject
Project("{9A19103F-16F7-4668-BE54-9A1E7A4F7556}") = "DocFileFormat", "WordProcessing\DocFileFormat\DocFileFormat.csproj", "{70A244FD-C90E-4474-9E70-82BCF5147FF9}"
EndProject
Project("{9A19103F-16F7-4668-BE54-9A1E7A4F7556}") = "DocFileFormatTest", "Test\DocFileFormatTest\DocFileFormatTest.csproj", "{4D78B8B7-FCEB-4249-BF3D-83B9A8059870}"
EndProject
Project("{9A19103F-16F7-4668-BE54-9A1E7A4F7556}") = "OpenXmlLib", "Common\OpenXmlLib\OpenXmlLib.csproj", "{4C10271C-CD9B-49F5-9479-3C6EB7404E75}"
EndProject
Project("{9A19103F-16F7-4668-BE54-9A1E7A4F7556}") = "OpenXmlLibTest", "Test\OpenXmlLibTest\OpenXmlLibTest.csproj", "{1855519D-6C8C-44B2-B197-DB40DD648FB6}"
EndProject
Project("{9A19103F-16F7-4668-BE54-9A1E7A4F7556}") = "Tools", "Common\Tools\Tools.csproj", "{B44FAEE0-B32E-4682-AA42-618C893F14C6}"
EndProject
Project("{9A19103F-16F7-4668-BE54-9A1E7A4F7556}") = "CommonTranslatorLib", "Common\CommonTranslatorLib\CommonTranslatorLib.csproj", "{0F0F6BAF-BC5D-4DC6-AE53-8257305EE5CA}"
EndProject
Project("{9A19103F-16F7-4668-BE54-9A1E7A4F7556}") = "WordprocessingMLMapping", "WordProcessing\WordprocessingMLMapping\WordprocessingMLMapping.csproj", "{A4EFE5FA-BDEB-452B-8751-1A495E5C9759}"
EndProject
Project("{9A19103F-16F7-4668-BE54-9A1E7A4F7556}") = "StructuredStorage", "Common\StructuredStorage\StructuredStorage.csproj", "{CBD9BEE2-1E01-477A-BB44-1EC9F8C91AB7}"
EndProject
Project("{9A19103F-16F7-4668-BE54-9A1E7A4F7556}") = "doc2x", "Shell\doc2x\doc2x.csproj", "{2427A407-3161-401A-A7C4-545A7AC90E36}"
EndProject
Project("{9A19103F-16F7-4668-BE54-9A1E7A4F7556}") = "XlsFileFormat", "Spreadsheet\XlsFileFormat\XlsFileFormat.csproj", "{92295756-46BB-4D1F-B0FD-CA7DF03F6C65}"
EndProject
Project("{9A19103F-16F7-4668-BE54-9A1E7A4F7556}") = "PptFileFormat", "Presentation\PptFileFormat\PptFileFormat.csproj", "{6EAD0A6A-8DF0-4CA3-8D5E-3C871E7FCB62}"
EndProject
Project("{9A19103F-16F7-4668-BE54-9A1E7A4F7556}") = "PptDump", "Test\PptDump\PptDump.csproj", "{A6AF6065-0740-42A1-BC9D-02AACDAF1476}"
EndProject
Project("{9A19103F-16F7-4668-BE54-9A1E7A4F7556}") = "ppt2x", "Shell\ppt2x\ppt2x.csproj", "{90C862C6-C6CB-4C72-8E58-FA3F8625E93B}"
EndProject
Project("{9A19103F-16F7-4668-BE54-9A1E7A4F7556}") = "OfficeDrawing", "Common\OfficeDrawing\OfficeDrawing.csproj", "{AA46A3F1-919F-48FB-970C-753F58A857F6}"
EndProject
Project("{9A19103F-16F7-4668-BE54-9A1E7A4F7556}") = "PresentationMLMapping", "Presentation\PresentationMLMapping\PresentationMLMapping.csproj", "{1D168A80-B748-4321-AED6-E03D557B5864}"
EndProject
Project("{9A19103F-16F7-4668-BE54-9A1E7A4F7556}") = "xls2x", "Shell\xls2x\xls2x.csproj", "{B9CF0222-E113-4D87-95EB-FF1097A53E7C}"
EndProject
Project("{9A19103F-16F7-4668-BE54-9A1E7A4F7556}") = "SpreadsheetMLMapping", "Spreadsheet\SpreadsheetMLMapping\SpreadsheetMLMapping.csproj", "{7085D1EB-E797-4841-A564-68EF63688A24}"
EndProject
Project("{9A19103F-16F7-4668-BE54-9A1E7A4F7556}") = "CompoundFileReadWriteExtractTest", "Test\CompoundFileReadWriteExtractTest\CompoundFileReadWriteExtractTest.csproj", "{0633D500-337B-49BD-9566-C50F0FDAA6D2}"
EndProject
Project("{9A19103F-16F7-4668-BE54-9A1E7A4F7556}") = "UnitTests", "Test\UnitTests\UnitTests.csproj", "{4CB51274-367D-46AA-A170-4827053A1C7D}"
EndProject
Project("{9A19103F-16F7-4668-BE54-9A1E7A4F7556}") = "Shell", "Common\Shell\Shell.csproj", "{3EF2F275-1148-4703-9B2E-56966E92DF32}"
EndProject
Project("{9A19103F-16F7-4668-BE54-9A1E7A4F7556}") = "OlePropertySet", "Common\OlePropertySet\OlePropertySet.csproj", "{0DBC205F-CBD3-43E5-BD27-8584333217D9}"
EndProject
Project("{9A19103F-16F7-4668-BE54-9A1E7A4F7556}") = "OfficeGraph", "Common\OfficeGraph\OfficeGraph.csproj", "{598B4D7A-F1DB-496F-BC79-5F7BE596A239}"
EndProject
Project("{2150E333-8FDC-42A3-9474-1A3956D46DE8}") = "Solution Items", "Solution Items", "{FC08F5E1-1AD6-43BA-A9E2-6245DA2DA769}"
	ProjectSection(SolutionItems) = preProject
		..\LICENSE = ..\LICENSE
		..\README.md = ..\README.md
	EndProjectSection
EndProject
Global
	GlobalSection(SolutionConfigurationPlatforms) = preSolution
		Debug|Any CPU = Debug|Any CPU
		Release|Any CPU = Release|Any CPU
	EndGlobalSection
	GlobalSection(ProjectConfigurationPlatforms) = postSolution
		{01308A7D-882B-4822-A78B-EBAD044044FC}.Debug|Any CPU.ActiveCfg = Debug|Any CPU
		{01308A7D-882B-4822-A78B-EBAD044044FC}.Debug|Any CPU.Build.0 = Debug|Any CPU
		{01308A7D-882B-4822-A78B-EBAD044044FC}.Release|Any CPU.ActiveCfg = Release|Any CPU
		{01308A7D-882B-4822-A78B-EBAD044044FC}.Release|Any CPU.Build.0 = Release|Any CPU
		{70A244FD-C90E-4474-9E70-82BCF5147FF9}.Debug|Any CPU.ActiveCfg = Debug|Any CPU
		{70A244FD-C90E-4474-9E70-82BCF5147FF9}.Debug|Any CPU.Build.0 = Debug|Any CPU
		{70A244FD-C90E-4474-9E70-82BCF5147FF9}.Release|Any CPU.ActiveCfg = Release|Any CPU
		{70A244FD-C90E-4474-9E70-82BCF5147FF9}.Release|Any CPU.Build.0 = Release|Any CPU
		{4D78B8B7-FCEB-4249-BF3D-83B9A8059870}.Debug|Any CPU.ActiveCfg = Debug|Any CPU
		{4D78B8B7-FCEB-4249-BF3D-83B9A8059870}.Debug|Any CPU.Build.0 = Debug|Any CPU
		{4D78B8B7-FCEB-4249-BF3D-83B9A8059870}.Release|Any CPU.ActiveCfg = Release|Any CPU
		{4D78B8B7-FCEB-4249-BF3D-83B9A8059870}.Release|Any CPU.Build.0 = Release|Any CPU
		{4C10271C-CD9B-49F5-9479-3C6EB7404E75}.Debug|Any CPU.ActiveCfg = Debug|Any CPU
		{4C10271C-CD9B-49F5-9479-3C6EB7404E75}.Debug|Any CPU.Build.0 = Debug|Any CPU
		{4C10271C-CD9B-49F5-9479-3C6EB7404E75}.Release|Any CPU.ActiveCfg = Release|Any CPU
		{4C10271C-CD9B-49F5-9479-3C6EB7404E75}.Release|Any CPU.Build.0 = Release|Any CPU
		{1855519D-6C8C-44B2-B197-DB40DD648FB6}.Debug|Any CPU.ActiveCfg = Debug|Any CPU
		{1855519D-6C8C-44B2-B197-DB40DD648FB6}.Debug|Any CPU.Build.0 = Debug|Any CPU
		{1855519D-6C8C-44B2-B197-DB40DD648FB6}.Release|Any CPU.ActiveCfg = Release|Any CPU
		{1855519D-6C8C-44B2-B197-DB40DD648FB6}.Release|Any CPU.Build.0 = Release|Any CPU
		{B44FAEE0-B32E-4682-AA42-618C893F14C6}.Debug|Any CPU.ActiveCfg = Debug|Any CPU
		{B44FAEE0-B32E-4682-AA42-618C893F14C6}.Debug|Any CPU.Build.0 = Debug|Any CPU
		{B44FAEE0-B32E-4682-AA42-618C893F14C6}.Release|Any CPU.ActiveCfg = Release|Any CPU
		{B44FAEE0-B32E-4682-AA42-618C893F14C6}.Release|Any CPU.Build.0 = Release|Any CPU
		{0F0F6BAF-BC5D-4DC6-AE53-8257305EE5CA}.Debug|Any CPU.ActiveCfg = Debug|Any CPU
		{0F0F6BAF-BC5D-4DC6-AE53-8257305EE5CA}.Debug|Any CPU.Build.0 = Debug|Any CPU
		{0F0F6BAF-BC5D-4DC6-AE53-8257305EE5CA}.Release|Any CPU.ActiveCfg = Release|Any CPU
		{0F0F6BAF-BC5D-4DC6-AE53-8257305EE5CA}.Release|Any CPU.Build.0 = Release|Any CPU
		{A4EFE5FA-BDEB-452B-8751-1A495E5C9759}.Debug|Any CPU.ActiveCfg = Debug|Any CPU
		{A4EFE5FA-BDEB-452B-8751-1A495E5C9759}.Debug|Any CPU.Build.0 = Debug|Any CPU
		{A4EFE5FA-BDEB-452B-8751-1A495E5C9759}.Release|Any CPU.ActiveCfg = Release|Any CPU
		{A4EFE5FA-BDEB-452B-8751-1A495E5C9759}.Release|Any CPU.Build.0 = Release|Any CPU
		{CBD9BEE2-1E01-477A-BB44-1EC9F8C91AB7}.Debug|Any CPU.ActiveCfg = Debug|Any CPU
		{CBD9BEE2-1E01-477A-BB44-1EC9F8C91AB7}.Debug|Any CPU.Build.0 = Debug|Any CPU
		{CBD9BEE2-1E01-477A-BB44-1EC9F8C91AB7}.Release|Any CPU.ActiveCfg = Release|Any CPU
		{CBD9BEE2-1E01-477A-BB44-1EC9F8C91AB7}.Release|Any CPU.Build.0 = Release|Any CPU
		{2427A407-3161-401A-A7C4-545A7AC90E36}.Debug|Any CPU.ActiveCfg = Debug|Any CPU
		{2427A407-3161-401A-A7C4-545A7AC90E36}.Debug|Any CPU.Build.0 = Debug|Any CPU
		{2427A407-3161-401A-A7C4-545A7AC90E36}.Release|Any CPU.ActiveCfg = Release|Any CPU
		{2427A407-3161-401A-A7C4-545A7AC90E36}.Release|Any CPU.Build.0 = Release|Any CPU
		{92295756-46BB-4D1F-B0FD-CA7DF03F6C65}.Debug|Any CPU.ActiveCfg = Debug|Any CPU
		{92295756-46BB-4D1F-B0FD-CA7DF03F6C65}.Debug|Any CPU.Build.0 = Debug|Any CPU
		{92295756-46BB-4D1F-B0FD-CA7DF03F6C65}.Release|Any CPU.ActiveCfg = Release|Any CPU
		{92295756-46BB-4D1F-B0FD-CA7DF03F6C65}.Release|Any CPU.Build.0 = Release|Any CPU
		{6EAD0A6A-8DF0-4CA3-8D5E-3C871E7FCB62}.Debug|Any CPU.ActiveCfg = Debug|Any CPU
		{6EAD0A6A-8DF0-4CA3-8D5E-3C871E7FCB62}.Debug|Any CPU.Build.0 = Debug|Any CPU
		{6EAD0A6A-8DF0-4CA3-8D5E-3C871E7FCB62}.Release|Any CPU.ActiveCfg = Release|Any CPU
		{6EAD0A6A-8DF0-4CA3-8D5E-3C871E7FCB62}.Release|Any CPU.Build.0 = Release|Any CPU
		{A6AF6065-0740-42A1-BC9D-02AACDAF1476}.Debug|Any CPU.ActiveCfg = Debug|Any CPU
		{A6AF6065-0740-42A1-BC9D-02AACDAF1476}.Debug|Any CPU.Build.0 = Debug|Any CPU
		{A6AF6065-0740-42A1-BC9D-02AACDAF1476}.Release|Any CPU.ActiveCfg = Release|Any CPU
		{A6AF6065-0740-42A1-BC9D-02AACDAF1476}.Release|Any CPU.Build.0 = Release|Any CPU
		{90C862C6-C6CB-4C72-8E58-FA3F8625E93B}.Debug|Any CPU.ActiveCfg = Debug|Any CPU
		{90C862C6-C6CB-4C72-8E58-FA3F8625E93B}.Debug|Any CPU.Build.0 = Debug|Any CPU
		{90C862C6-C6CB-4C72-8E58-FA3F8625E93B}.Release|Any CPU.ActiveCfg = Release|Any CPU
		{90C862C6-C6CB-4C72-8E58-FA3F8625E93B}.Release|Any CPU.Build.0 = Release|Any CPU
		{AA46A3F1-919F-48FB-970C-753F58A857F6}.Debug|Any CPU.ActiveCfg = Debug|Any CPU
		{AA46A3F1-919F-48FB-970C-753F58A857F6}.Debug|Any CPU.Build.0 = Debug|Any CPU
		{AA46A3F1-919F-48FB-970C-753F58A857F6}.Release|Any CPU.ActiveCfg = Release|Any CPU
		{AA46A3F1-919F-48FB-970C-753F58A857F6}.Release|Any CPU.Build.0 = Release|Any CPU
		{1D168A80-B748-4321-AED6-E03D557B5864}.Debug|Any CPU.ActiveCfg = Debug|Any CPU
		{1D168A80-B748-4321-AED6-E03D557B5864}.Debug|Any CPU.Build.0 = Debug|Any CPU
		{1D168A80-B748-4321-AED6-E03D557B5864}.Release|Any CPU.ActiveCfg = Release|Any CPU
		{1D168A80-B748-4321-AED6-E03D557B5864}.Release|Any CPU.Build.0 = Release|Any CPU
		{B9CF0222-E113-4D87-95EB-FF1097A53E7C}.Debug|Any CPU.ActiveCfg = Debug|Any CPU
		{B9CF0222-E113-4D87-95EB-FF1097A53E7C}.Debug|Any CPU.Build.0 = Debug|Any CPU
		{B9CF0222-E113-4D87-95EB-FF1097A53E7C}.Release|Any CPU.ActiveCfg = Release|Any CPU
		{B9CF0222-E113-4D87-95EB-FF1097A53E7C}.Release|Any CPU.Build.0 = Release|Any CPU
		{7085D1EB-E797-4841-A564-68EF63688A24}.Debug|Any CPU.ActiveCfg = Debug|Any CPU
		{7085D1EB-E797-4841-A564-68EF63688A24}.Debug|Any CPU.Build.0 = Debug|Any CPU
		{7085D1EB-E797-4841-A564-68EF63688A24}.Release|Any CPU.ActiveCfg = Release|Any CPU
		{7085D1EB-E797-4841-A564-68EF63688A24}.Release|Any CPU.Build.0 = Release|Any CPU
		{0633D500-337B-49BD-9566-C50F0FDAA6D2}.Debug|Any CPU.ActiveCfg = Debug|Any CPU
		{0633D500-337B-49BD-9566-C50F0FDAA6D2}.Debug|Any CPU.Build.0 = Debug|Any CPU
		{0633D500-337B-49BD-9566-C50F0FDAA6D2}.Release|Any CPU.ActiveCfg = Release|Any CPU
		{0633D500-337B-49BD-9566-C50F0FDAA6D2}.Release|Any CPU.Build.0 = Release|Any CPU
		{4CB51274-367D-46AA-A170-4827053A1C7D}.Debug|Any CPU.ActiveCfg = Debug|Any CPU
		{4CB51274-367D-46AA-A170-4827053A1C7D}.Debug|Any CPU.Build.0 = Debug|Any CPU
		{4CB51274-367D-46AA-A170-4827053A1C7D}.Release|Any CPU.ActiveCfg = Release|Any CPU
		{3EF2F275-1148-4703-9B2E-56966E92DF32}.Debug|Any CPU.ActiveCfg = Debug|Any CPU
		{3EF2F275-1148-4703-9B2E-56966E92DF32}.Debug|Any CPU.Build.0 = Debug|Any CPU
		{3EF2F275-1148-4703-9B2E-56966E92DF32}.Release|Any CPU.ActiveCfg = Release|Any CPU
		{3EF2F275-1148-4703-9B2E-56966E92DF32}.Release|Any CPU.Build.0 = Release|Any CPU
		{0DBC205F-CBD3-43E5-BD27-8584333217D9}.Debug|Any CPU.ActiveCfg = Debug|Any CPU
		{0DBC205F-CBD3-43E5-BD27-8584333217D9}.Debug|Any CPU.Build.0 = Debug|Any CPU
		{0DBC205F-CBD3-43E5-BD27-8584333217D9}.Release|Any CPU.ActiveCfg = Release|Any CPU
		{0DBC205F-CBD3-43E5-BD27-8584333217D9}.Release|Any CPU.Build.0 = Release|Any CPU
		{598B4D7A-F1DB-496F-BC79-5F7BE596A239}.Debug|Any CPU.ActiveCfg = Debug|Any CPU
		{598B4D7A-F1DB-496F-BC79-5F7BE596A239}.Debug|Any CPU.Build.0 = Debug|Any CPU
		{598B4D7A-F1DB-496F-BC79-5F7BE596A239}.Release|Any CPU.ActiveCfg = Release|Any CPU
		{598B4D7A-F1DB-496F-BC79-5F7BE596A239}.Release|Any CPU.Build.0 = Release|Any CPU
	EndGlobalSection
	GlobalSection(SolutionProperties) = preSolution
		HideSolutionNode = FALSE
	EndGlobalSection
	GlobalSection(NestedProjects) = preSolution
		{01308A7D-882B-4822-A78B-EBAD044044FC} = {23B4E6F7-CF43-4B43-ABCE-26C39E173ABD}
		{70A244FD-C90E-4474-9E70-82BCF5147FF9} = {6F47D61C-D3A4-4DC1-B19A-F97AD18E6E10}
		{4D78B8B7-FCEB-4249-BF3D-83B9A8059870} = {23B4E6F7-CF43-4B43-ABCE-26C39E173ABD}
		{4C10271C-CD9B-49F5-9479-3C6EB7404E75} = {D8DB984C-ED04-4525-9923-798363B513FC}
		{1855519D-6C8C-44B2-B197-DB40DD648FB6} = {23B4E6F7-CF43-4B43-ABCE-26C39E173ABD}
		{B44FAEE0-B32E-4682-AA42-618C893F14C6} = {D8DB984C-ED04-4525-9923-798363B513FC}
		{0F0F6BAF-BC5D-4DC6-AE53-8257305EE5CA} = {D8DB984C-ED04-4525-9923-798363B513FC}
		{A4EFE5FA-BDEB-452B-8751-1A495E5C9759} = {6F47D61C-D3A4-4DC1-B19A-F97AD18E6E10}
		{CBD9BEE2-1E01-477A-BB44-1EC9F8C91AB7} = {D8DB984C-ED04-4525-9923-798363B513FC}
		{2427A407-3161-401A-A7C4-545A7AC90E36} = {B01712A7-034B-48C4-9997-8E3613908080}
		{92295756-46BB-4D1F-B0FD-CA7DF03F6C65} = {C7DD1BC2-02FA-40EB-810F-43B97D0B29C3}
		{6EAD0A6A-8DF0-4CA3-8D5E-3C871E7FCB62} = {D30AEB63-809F-4791-8DEF-78FB718A0716}
		{A6AF6065-0740-42A1-BC9D-02AACDAF1476} = {23B4E6F7-CF43-4B43-ABCE-26C39E173ABD}
		{90C862C6-C6CB-4C72-8E58-FA3F8625E93B} = {B01712A7-034B-48C4-9997-8E3613908080}
		{AA46A3F1-919F-48FB-970C-753F58A857F6} = {D8DB984C-ED04-4525-9923-798363B513FC}
		{1D168A80-B748-4321-AED6-E03D557B5864} = {D30AEB63-809F-4791-8DEF-78FB718A0716}
		{B9CF0222-E113-4D87-95EB-FF1097A53E7C} = {B01712A7-034B-48C4-9997-8E3613908080}
		{7085D1EB-E797-4841-A564-68EF63688A24} = {C7DD1BC2-02FA-40EB-810F-43B97D0B29C3}
		{0633D500-337B-49BD-9566-C50F0FDAA6D2} = {23B4E6F7-CF43-4B43-ABCE-26C39E173ABD}
		{4CB51274-367D-46AA-A170-4827053A1C7D} = {23B4E6F7-CF43-4B43-ABCE-26C39E173ABD}
		{3EF2F275-1148-4703-9B2E-56966E92DF32} = {D8DB984C-ED04-4525-9923-798363B513FC}
		{0DBC205F-CBD3-43E5-BD27-8584333217D9} = {D8DB984C-ED04-4525-9923-798363B513FC}
		{598B4D7A-F1DB-496F-BC79-5F7BE596A239} = {D8DB984C-ED04-4525-9923-798363B513FC}
	EndGlobalSection
	GlobalSection(ExtensibilityGlobals) = postSolution
		SolutionGuid = {F4F539FF-7E88-4644-9CF1-AC6F81C9D7FA}
	EndGlobalSection
EndGlobal
